// !$*UTF8*$!
{
	archiveVersion = 1;
	classes = {
	};
	objectVersion = 56;
	objects = {

/* Begin PBXBuildFile section */
		344505BD2C483B75009CE192 /* WidgetIntentTestApp.swift in Sources */ = {isa = PBXBuildFile; fileRef = 344505BC2C483B75009CE192 /* WidgetIntentTestApp.swift */; };
		344505BF2C483B75009CE192 /* ContentView.swift in Sources */ = {isa = PBXBuildFile; fileRef = 344505BE2C483B75009CE192 /* ContentView.swift */; };
		344505C12C483B76009CE192 /* Assets.xcassets in Resources */ = {isa = PBXBuildFile; fileRef = 344505C02C483B76009CE192 /* Assets.xcassets */; };
		344505C42C483B76009CE192 /* Preview Assets.xcassets in Resources */ = {isa = PBXBuildFile; fileRef = 344505C32C483B76009CE192 /* Preview Assets.xcassets */; };
		344505D12C483BFC009CE192 /* WidgetKit.framework in Frameworks */ = {isa = PBXBuildFile; fileRef = 344505D02C483BFC009CE192 /* WidgetKit.framework */; };
		344505D32C483BFC009CE192 /* SwiftUI.framework in Frameworks */ = {isa = PBXBuildFile; fileRef = 344505D22C483BFC009CE192 /* SwiftUI.framework */; };
		344505D62C483BFC009CE192 /* WidgetsBundle.swift in Sources */ = {isa = PBXBuildFile; fileRef = 344505D52C483BFC009CE192 /* WidgetsBundle.swift */; };
		344505D82C483BFC009CE192 /* Widgets.swift in Sources */ = {isa = PBXBuildFile; fileRef = 344505D72C483BFC009CE192 /* Widgets.swift */; };
		344505DA2C483BFC009CE192 /* AppIntent.swift in Sources */ = {isa = PBXBuildFile; fileRef = 344505D92C483BFC009CE192 /* AppIntent.swift */; };
		344505DC2C483BFE009CE192 /* Assets.xcassets in Resources */ = {isa = PBXBuildFile; fileRef = 344505DB2C483BFE009CE192 /* Assets.xcassets */; };
		344505E02C483BFE009CE192 /* WidgetsExtension.appex in Embed Foundation Extensions */ = {isa = PBXBuildFile; fileRef = 344505CE2C483BFC009CE192 /* WidgetsExtension.appex */; settings = {ATTRIBUTES = (RemoveHeadersOnCopy, ); }; };
		344505E52C485271009CE192 /* AppIntent.swift in Sources */ = {isa = PBXBuildFile; fileRef = 344505D92C483BFC009CE192 /* AppIntent.swift */; };
/* End PBXBuildFile section */

/* Begin PBXContainerItemProxy section */
		344505DE2C483BFE009CE192 /* PBXContainerItemProxy */ = {
			isa = PBXContainerItemProxy;
			containerPortal = 344505B12C483B75009CE192 /* Project object */;
			proxyType = 1;
			remoteGlobalIDString = 344505CD2C483BFC009CE192;
			remoteInfo = WidgetsExtension;
		};
/* End PBXContainerItemProxy section */

/* Begin PBXCopyFilesBuildPhase section */
		344505E42C483BFE009CE192 /* Embed Foundation Extensions */ = {
			isa = PBXCopyFilesBuildPhase;
			buildActionMask = 2147483647;
			dstPath = "";
			dstSubfolderSpec = 13;
			files = (
				344505E02C483BFE009CE192 /* WidgetsExtension.appex in Embed Foundation Extensions */,
			);
			name = "Embed Foundation Extensions";
			runOnlyForDeploymentPostprocessing = 0;
		};
/* End PBXCopyFilesBuildPhase section */

/* Begin PBXFileReference section */
		344505B92C483B75009CE192 /* WidgetIntentTest.app */ = {isa = PBXFileReference; explicitFileType = wrapper.application; includeInIndex = 0; path = WidgetIntentTest.app; sourceTree = BUILT_PRODUCTS_DIR; };
		344505BC2C483B75009CE192 /* WidgetIntentTestApp.swift */ = {isa = PBXFileReference; lastKnownFileType = sourcecode.swift; path = WidgetIntentTestApp.swift; sourceTree = "<group>"; };
		344505BE2C483B75009CE192 /* ContentView.swift */ = {isa = PBXFileReference; lastKnownFileType = sourcecode.swift; path = ContentView.swift; sourceTree = "<group>"; };
		344505C02C483B76009CE192 /* Assets.xcassets */ = {isa = PBXFileReference; lastKnownFileType = folder.assetcatalog; path = Assets.xcassets; sourceTree = "<group>"; };
		344505C32C483B76009CE192 /* Preview Assets.xcassets */ = {isa = PBXFileReference; lastKnownFileType = folder.assetcatalog; path = "Preview Assets.xcassets"; sourceTree = "<group>"; };
		344505CE2C483BFC009CE192 /* WidgetsExtension.appex */ = {isa = PBXFileReference; explicitFileType = "wrapper.app-extension"; includeInIndex = 0; path = WidgetsExtension.appex; sourceTree = BUILT_PRODUCTS_DIR; };
		344505D02C483BFC009CE192 /* WidgetKit.framework */ = {isa = PBXFileReference; lastKnownFileType = wrapper.framework; name = WidgetKit.framework; path = System/Library/Frameworks/WidgetKit.framework; sourceTree = SDKROOT; };
		344505D22C483BFC009CE192 /* SwiftUI.framework */ = {isa = PBXFileReference; lastKnownFileType = wrapper.framework; name = SwiftUI.framework; path = System/Library/Frameworks/SwiftUI.framework; sourceTree = SDKROOT; };
		344505D52C483BFC009CE192 /* WidgetsBundle.swift */ = {isa = PBXFileReference; lastKnownFileType = sourcecode.swift; path = WidgetsBundle.swift; sourceTree = "<group>"; };
		344505D72C483BFC009CE192 /* Widgets.swift */ = {isa = PBXFileReference; lastKnownFileType = sourcecode.swift; path = Widgets.swift; sourceTree = "<group>"; };
		344505D92C483BFC009CE192 /* AppIntent.swift */ = {isa = PBXFileReference; lastKnownFileType = sourcecode.swift; path = AppIntent.swift; sourceTree = "<group>"; };
		344505DB2C483BFE009CE192 /* Assets.xcassets */ = {isa = PBXFileReference; lastKnownFileType = folder.assetcatalog; path = Assets.xcassets; sourceTree = "<group>"; };
		344505DD2C483BFE009CE192 /* Info.plist */ = {isa = PBXFileReference; lastKnownFileType = text.plist.xml; path = Info.plist; sourceTree = "<group>"; };
/* End PBXFileReference section */

/* Begin PBXFrameworksBuildPhase section */
		344505B62C483B75009CE192 /* Frameworks */ = {
			isa = PBXFrameworksBuildPhase;
			buildActionMask = 2147483647;
			files = (
			);
			runOnlyForDeploymentPostprocessing = 0;
		};
		344505CB2C483BFC009CE192 /* Frameworks */ = {
			isa = PBXFrameworksBuildPhase;
			buildActionMask = 2147483647;
			files = (
				344505D32C483BFC009CE192 /* SwiftUI.framework in Frameworks */,
				344505D12C483BFC009CE192 /* WidgetKit.framework in Frameworks */,
			);
			runOnlyForDeploymentPostprocessing = 0;
		};
/* End PBXFrameworksBuildPhase section */

/* Begin PBXGroup section */
		344505B02C483B75009CE192 = {
			isa = PBXGroup;
			children = (
				344505BB2C483B75009CE192 /* WidgetIntentTest */,
				344505D42C483BFC009CE192 /* Widgets */,
				344505CF2C483BFC009CE192 /* Frameworks */,
				344505BA2C483B75009CE192 /* Products */,
			);
			sourceTree = "<group>";
		};
		344505BA2C483B75009CE192 /* Products */ = {
			isa = PBXGroup;
			children = (
				344505B92C483B75009CE192 /* WidgetIntentTest.app */,
				344505CE2C483BFC009CE192 /* WidgetsExtension.appex */,
			);
			name = Products;
			sourceTree = "<group>";
		};
		344505BB2C483B75009CE192 /* WidgetIntentTest */ = {
			isa = PBXGroup;
			children = (
				344505BC2C483B75009CE192 /* WidgetIntentTestApp.swift */,
				344505BE2C483B75009CE192 /* ContentView.swift */,
				344505C02C483B76009CE192 /* Assets.xcassets */,
				344505C22C483B76009CE192 /* Preview Content */,
			);
			path = WidgetIntentTest;
			sourceTree = "<group>";
		};
		344505C22C483B76009CE192 /* Preview Content */ = {
			isa = PBXGroup;
			children = (
				344505C32C483B76009CE192 /* Preview Assets.xcassets */,
			);
			path = "Preview Content";
			sourceTree = "<group>";
		};
		344505CF2C483BFC009CE192 /* Frameworks */ = {
			isa = PBXGroup;
			children = (
				344505D02C483BFC009CE192 /* WidgetKit.framework */,
				344505D22C483BFC009CE192 /* SwiftUI.framework */,
			);
			name = Frameworks;
			sourceTree = "<group>";
		};
		344505D42C483BFC009CE192 /* Widgets */ = {
			isa = PBXGroup;
			children = (
				344505D52C483BFC009CE192 /* WidgetsBundle.swift */,
				344505D72C483BFC009CE192 /* Widgets.swift */,
				344505D92C483BFC009CE192 /* AppIntent.swift */,
				344505DB2C483BFE009CE192 /* Assets.xcassets */,
				344505DD2C483BFE009CE192 /* Info.plist */,
			);
			path = Widgets;
			sourceTree = "<group>";
		};
/* End PBXGroup section */

/* Begin PBXNativeTarget section */
		344505B82C483B75009CE192 /* WidgetIntentTest */ = {
			isa = PBXNativeTarget;
			buildConfigurationList = 344505C72C483B76009CE192 /* Build configuration list for PBXNativeTarget "WidgetIntentTest" */;
			buildPhases = (
				344505B52C483B75009CE192 /* Sources */,
				344505B62C483B75009CE192 /* Frameworks */,
				344505B72C483B75009CE192 /* Resources */,
				344505E42C483BFE009CE192 /* Embed Foundation Extensions */,
			);
			buildRules = (
			);
			dependencies = (
				344505DF2C483BFE009CE192 /* PBXTargetDependency */,
			);
			name = WidgetIntentTest;
			productName = WidgetIntentTest;
			productReference = 344505B92C483B75009CE192 /* WidgetIntentTest.app */;
			productType = "com.apple.product-type.application";
		};
		344505CD2C483BFC009CE192 /* WidgetsExtension */ = {
			isa = PBXNativeTarget;
			buildConfigurationList = 344505E12C483BFE009CE192 /* Build configuration list for PBXNativeTarget "WidgetsExtension" */;
			buildPhases = (
				344505CA2C483BFC009CE192 /* Sources */,
				344505CB2C483BFC009CE192 /* Frameworks */,
				344505CC2C483BFC009CE192 /* Resources */,
			);
			buildRules = (
			);
			dependencies = (
			);
			name = WidgetsExtension;
			productName = WidgetsExtension;
			productReference = 344505CE2C483BFC009CE192 /* WidgetsExtension.appex */;
			productType = "com.apple.product-type.app-extension";
		};
/* End PBXNativeTarget section */

/* Begin PBXProject section */
		344505B12C483B75009CE192 /* Project object */ = {
			isa = PBXProject;
			attributes = {
				BuildIndependentTargetsInParallel = 1;
				LastSwiftUpdateCheck = 1540;
				LastUpgradeCheck = 1540;
				TargetAttributes = {
					344505B82C483B75009CE192 = {
						CreatedOnToolsVersion = 15.4;
					};
					344505CD2C483BFC009CE192 = {
						CreatedOnToolsVersion = 15.4;
					};
				};
			};
			buildConfigurationList = 344505B42C483B75009CE192 /* Build configuration list for PBXProject "WidgetIntentTest" */;
			compatibilityVersion = "Xcode 14.0";
			developmentRegion = en;
			hasScannedForEncodings = 0;
			knownRegions = (
				en,
				Base,
			);
			mainGroup = 344505B02C483B75009CE192;
			productRefGroup = 344505BA2C483B75009CE192 /* Products */;
			projectDirPath = "";
			projectRoot = "";
			targets = (
				344505B82C483B75009CE192 /* WidgetIntentTest */,
				344505CD2C483BFC009CE192 /* WidgetsExtension */,
			);
		};
/* End PBXProject section */

/* Begin PBXResourcesBuildPhase section */
		344505B72C483B75009CE192 /* Resources */ = {
			isa = PBXResourcesBuildPhase;
			buildActionMask = 2147483647;
			files = (
				344505C42C483B76009CE192 /* Preview Assets.xcassets in Resources */,
				344505C12C483B76009CE192 /* Assets.xcassets in Resources */,
			);
			runOnlyForDeploymentPostprocessing = 0;
		};
		344505CC2C483BFC009CE192 /* Resources */ = {
			isa = PBXResourcesBuildPhase;
			buildActionMask = 2147483647;
			files = (
				344505DC2C483BFE009CE192 /* Assets.xcassets in Resources */,
			);
			runOnlyForDeploymentPostprocessing = 0;
		};
/* End PBXResourcesBuildPhase section */

/* Begin PBXSourcesBuildPhase section */
		344505B52C483B75009CE192 /* Sources */ = {
			isa = PBXSourcesBuildPhase;
			buildActionMask = 2147483647;
			files = (
				344505BF2C483B75009CE192 /* ContentView.swift in Sources */,
				344505BD2C483B75009CE192 /* WidgetIntentTestApp.swift in Sources */,
				344505E52C485271009CE192 /* AppIntent.swift in Sources */,
			);
			runOnlyForDeploymentPostprocessing = 0;
		};
		344505CA2C483BFC009CE192 /* Sources */ = {
			isa = PBXSourcesBuildPhase;
			buildActionMask = 2147483647;
			files = (
				344505D62C483BFC009CE192 /* WidgetsBundle.swift in Sources */,
				344505D82C483BFC009CE192 /* Widgets.swift in Sources */,
				344505DA2C483BFC009CE192 /* AppIntent.swift in Sources */,
			);
			runOnlyForDeploymentPostprocessing = 0;
		};
/* End PBXSourcesBuildPhase section */

/* Begin PBXTargetDependency section */
		344505DF2C483BFE009CE192 /* PBXTargetDependency */ = {
			isa = PBXTargetDependency;
			target = 344505CD2C483BFC009CE192 /* WidgetsExtension */;
			targetProxy = 344505DE2C483BFE009CE192 /* PBXContainerItemProxy */;
		};
/* End PBXTargetDependency section */

/* Begin XCBuildConfiguration section */
		344505C52C483B76009CE192 /* Debug */ = {
			isa = XCBuildConfiguration;
			buildSettings = {
				ALWAYS_SEARCH_USER_PATHS = NO;
				ASSETCATALOG_COMPILER_GENERATE_SWIFT_ASSET_SYMBOL_EXTENSIONS = YES;
				CLANG_ANALYZER_NONNULL = YES;
				CLANG_ANALYZER_NUMBER_OBJECT_CONVERSION = YES_AGGRESSIVE;
				CLANG_CXX_LANGUAGE_STANDARD = "gnu++20";
				CLANG_ENABLE_MODULES = YES;
				CLANG_ENABLE_OBJC_ARC = YES;
				CLANG_ENABLE_OBJC_WEAK = YES;
				CLANG_WARN_BLOCK_CAPTURE_AUTORELEASING = YES;
				CLANG_WARN_BOOL_CONVERSION = YES;
				CLANG_WARN_COMMA = YES;
				CLANG_WARN_CONSTANT_CONVERSION = YES;
				CLANG_WARN_DEPRECATED_OBJC_IMPLEMENTATIONS = YES;
				CLANG_WARN_DIRECT_OBJC_ISA_USAGE = YES_ERROR;
				CLANG_WARN_DOCUMENTATION_COMMENTS = YES;
				CLANG_WARN_EMPTY_BODY = YES;
				CLANG_WARN_ENUM_CONVERSION = YES;
				CLANG_WARN_INFINITE_RECURSION = YES;
				CLANG_WARN_INT_CONVERSION = YES;
				CLANG_WARN_NON_LITERAL_NULL_CONVERSION = YES;
				CLANG_WARN_OBJC_IMPLICIT_RETAIN_SELF = YES;
				CLANG_WARN_OBJC_LITERAL_CONVERSION = YES;
				CLANG_WARN_OBJC_ROOT_CLASS = YES_ERROR;
				CLANG_WARN_QUOTED_INCLUDE_IN_FRAMEWORK_HEADER = YES;
				CLANG_WARN_RANGE_LOOP_ANALYSIS = YES;
				CLANG_WARN_STRICT_PROTOTYPES = YES;
				CLANG_WARN_SUSPICIOUS_MOVE = YES;
				CLANG_WARN_UNGUARDED_AVAILABILITY = YES_AGGRESSIVE;
				CLANG_WARN_UNREACHABLE_CODE = YES;
				CLANG_WARN__DUPLICATE_METHOD_MATCH = YES;
				COPY_PHASE_STRIP = NO;
				DEBUG_INFORMATION_FORMAT = dwarf;
				ENABLE_STRICT_OBJC_MSGSEND = YES;
				ENABLE_TESTABILITY = YES;
				ENABLE_USER_SCRIPT_SANDBOXING = YES;
				GCC_C_LANGUAGE_STANDARD = gnu17;
				GCC_DYNAMIC_NO_PIC = NO;
				GCC_NO_COMMON_BLOCKS = YES;
				GCC_OPTIMIZATION_LEVEL = 0;
				GCC_PREPROCESSOR_DEFINITIONS = (
					"DEBUG=1",
					"$(inherited)",
				);
				GCC_WARN_64_TO_32_BIT_CONVERSION = YES;
				GCC_WARN_ABOUT_RETURN_TYPE = YES_ERROR;
				GCC_WARN_UNDECLARED_SELECTOR = YES;
				GCC_WARN_UNINITIALIZED_AUTOS = YES_AGGRESSIVE;
				GCC_WARN_UNUSED_FUNCTION = YES;
				GCC_WARN_UNUSED_VARIABLE = YES;
				IPHONEOS_DEPLOYMENT_TARGET = 17.5;
				LOCALIZATION_PREFERS_STRING_CATALOGS = YES;
				MTL_ENABLE_DEBUG_INFO = INCLUDE_SOURCE;
				MTL_FAST_MATH = YES;
				ONLY_ACTIVE_ARCH = YES;
				SDKROOT = iphoneos;
				SWIFT_ACTIVE_COMPILATION_CONDITIONS = "DEBUG $(inherited)";
				SWIFT_OPTIMIZATION_LEVEL = "-Onone";
			};
			name = Debug;
		};
		344505C62C483B76009CE192 /* Release */ = {
			isa = XCBuildConfiguration;
			buildSettings = {
				ALWAYS_SEARCH_USER_PATHS = NO;
				ASSETCATALOG_COMPILER_GENERATE_SWIFT_ASSET_SYMBOL_EXTENSIONS = YES;
				CLANG_ANALYZER_NONNULL = YES;
				CLANG_ANALYZER_NUMBER_OBJECT_CONVERSION = YES_AGGRESSIVE;
				CLANG_CXX_LANGUAGE_STANDARD = "gnu++20";
				CLANG_ENABLE_MODULES = YES;
				CLANG_ENABLE_OBJC_ARC = YES;
				CLANG_ENABLE_OBJC_WEAK = YES;
				CLANG_WARN_BLOCK_CAPTURE_AUTORELEASING = YES;
				CLANG_WARN_BOOL_CONVERSION = YES;
				CLANG_WARN_COMMA = YES;
				CLANG_WARN_CONSTANT_CONVERSION = YES;
				CLANG_WARN_DEPRECATED_OBJC_IMPLEMENTATIONS = YES;
				CLANG_WARN_DIRECT_OBJC_ISA_USAGE = YES_ERROR;
				CLANG_WARN_DOCUMENTATION_COMMENTS = YES;
				CLANG_WARN_EMPTY_BODY = YES;
				CLANG_WARN_ENUM_CONVERSION = YES;
				CLANG_WARN_INFINITE_RECURSION = YES;
				CLANG_WARN_INT_CONVERSION = YES;
				CLANG_WARN_NON_LITERAL_NULL_CONVERSION = YES;
				CLANG_WARN_OBJC_IMPLICIT_RETAIN_SELF = YES;
				CLANG_WARN_OBJC_LITERAL_CONVERSION = YES;
				CLANG_WARN_OBJC_ROOT_CLASS = YES_ERROR;
				CLANG_WARN_QUOTED_INCLUDE_IN_FRAMEWORK_HEADER = YES;
				CLANG_WARN_RANGE_LOOP_ANALYSIS = YES;
				CLANG_WARN_STRICT_PROTOTYPES = YES;
				CLANG_WARN_SUSPICIOUS_MOVE = YES;
				CLANG_WARN_UNGUARDED_AVAILABILITY = YES_AGGRESSIVE;
				CLANG_WARN_UNREACHABLE_CODE = YES;
				CLANG_WARN__DUPLICATE_METHOD_MATCH = YES;
				COPY_PHASE_STRIP = NO;
				DEBUG_INFORMATION_FORMAT = "dwarf-with-dsym";
				ENABLE_NS_ASSERTIONS = NO;
				ENABLE_STRICT_OBJC_MSGSEND = YES;
				ENABLE_USER_SCRIPT_SANDBOXING = YES;
				GCC_C_LANGUAGE_STANDARD = gnu17;
				GCC_NO_COMMON_BLOCKS = YES;
				GCC_WARN_64_TO_32_BIT_CONVERSION = YES;
				GCC_WARN_ABOUT_RETURN_TYPE = YES_ERROR;
				GCC_WARN_UNDECLARED_SELECTOR = YES;
				GCC_WARN_UNINITIALIZED_AUTOS = YES_AGGRESSIVE;
				GCC_WARN_UNUSED_FUNCTION = YES;
				GCC_WARN_UNUSED_VARIABLE = YES;
				IPHONEOS_DEPLOYMENT_TARGET = 17.5;
				LOCALIZATION_PREFERS_STRING_CATALOGS = YES;
				MTL_ENABLE_DEBUG_INFO = NO;
				MTL_FAST_MATH = YES;
				SDKROOT = iphoneos;
				SWIFT_COMPILATION_MODE = wholemodule;
				VALIDATE_PRODUCT = YES;
			};
			name = Release;
		};
		344505C82C483B76009CE192 /* Debug */ = {
			isa = XCBuildConfiguration;
			buildSettings = {
				ALWAYS_EMBED_SWIFT_STANDARD_LIBRARIES = YES;
				ASSETCATALOG_COMPILER_APPICON_NAME = AppIcon;
				ASSETCATALOG_COMPILER_GLOBAL_ACCENT_COLOR_NAME = AccentColor;
				CODE_SIGN_IDENTITY = "Apple Development";
				CODE_SIGN_STYLE = Automatic;
				CURRENT_PROJECT_VERSION = 1;
				DEVELOPMENT_ASSET_PATHS = "\"WidgetIntentTest/Preview Content\"";
				DEVELOPMENT_TEAM = "";
				ENABLE_PREVIEWS = YES;
				GENERATE_INFOPLIST_FILE = YES;
				INFOPLIST_KEY_UIApplicationSceneManifest_Generation = YES;
				INFOPLIST_KEY_UIApplicationSupportsIndirectInputEvents = YES;
				INFOPLIST_KEY_UILaunchScreen_Generation = YES;
				INFOPLIST_KEY_UISupportedInterfaceOrientations_iPad = "UIInterfaceOrientationPortrait UIInterfaceOrientationPortraitUpsideDown UIInterfaceOrientationLandscapeLeft UIInterfaceOrientationLandscapeRight";
				INFOPLIST_KEY_UISupportedInterfaceOrientations_iPhone = "UIInterfaceOrientationPortrait UIInterfaceOrientationLandscapeLeft UIInterfaceOrientationLandscapeRight";
				LD_RUNPATH_SEARCH_PATHS = (
					"$(inherited)",
					"@executable_path/Frameworks",
				);
				MARKETING_VERSION = 1.0;
				PRODUCT_BUNDLE_IDENTIFIER = com.przemyslawbobak.WidgetIntentTest;
				PRODUCT_NAME = "$(TARGET_NAME)";
				PROVISIONING_PROFILE_SPECIFIER = "";
				SWIFT_EMIT_LOC_STRINGS = YES;
				SWIFT_VERSION = 5.0;
				TARGETED_DEVICE_FAMILY = "1,2";
			};
			name = Debug;
		};
		344505C92C483B76009CE192 /* Release */ = {
			isa = XCBuildConfiguration;
			buildSettings = {
				ALWAYS_EMBED_SWIFT_STANDARD_LIBRARIES = YES;
				ASSETCATALOG_COMPILER_APPICON_NAME = AppIcon;
				ASSETCATALOG_COMPILER_GLOBAL_ACCENT_COLOR_NAME = AccentColor;
				CODE_SIGN_IDENTITY = "Apple Development";
				CODE_SIGN_STYLE = Automatic;
				CURRENT_PROJECT_VERSION = 1;
				DEVELOPMENT_ASSET_PATHS = "\"WidgetIntentTest/Preview Content\"";
				DEVELOPMENT_TEAM = "";
				ENABLE_PREVIEWS = YES;
				GENERATE_INFOPLIST_FILE = YES;
				INFOPLIST_KEY_UIApplicationSceneManifest_Generation = YES;
				INFOPLIST_KEY_UIApplicationSupportsIndirectInputEvents = YES;
				INFOPLIST_KEY_UILaunchScreen_Generation = YES;
				INFOPLIST_KEY_UISupportedInterfaceOrientations_iPad = "UIInterfaceOrientationPortrait UIInterfaceOrientationPortraitUpsideDown UIInterfaceOrientationLandscapeLeft UIInterfaceOrientationLandscapeRight";
				INFOPLIST_KEY_UISupportedInterfaceOrientations_iPhone = "UIInterfaceOrientationPortrait UIInterfaceOrientationLandscapeLeft UIInterfaceOrientationLandscapeRight";
				LD_RUNPATH_SEARCH_PATHS = (
					"$(inherited)",
					"@executable_path/Frameworks",
				);
				MARKETING_VERSION = 1.0;
				PRODUCT_BUNDLE_IDENTIFIER = com.przemyslawbobak.WidgetIntentTest;
				PRODUCT_NAME = "$(TARGET_NAME)";
				PROVISIONING_PROFILE_SPECIFIER = "";
				SWIFT_EMIT_LOC_STRINGS = YES;
				SWIFT_VERSION = 5.0;
				TARGETED_DEVICE_FAMILY = "1,2";
			};
			name = Release;
		};
		344505E22C483BFE009CE192 /* Debug */ = {
			isa = XCBuildConfiguration;
			buildSettings = {
				ASSETCATALOG_COMPILER_GLOBAL_ACCENT_COLOR_NAME = AccentColor;
				ASSETCATALOG_COMPILER_WIDGET_BACKGROUND_COLOR_NAME = WidgetBackground;
				CODE_SIGN_STYLE = Automatic;
				CURRENT_PROJECT_VERSION = 1;
				DEVELOPMENT_TEAM = AV6RN7H45M;
				GENERATE_INFOPLIST_FILE = YES;
				INFOPLIST_FILE = Widgets/Info.plist;
				INFOPLIST_KEY_CFBundleDisplayName = Widgets;
				INFOPLIST_KEY_NSHumanReadableCopyright = "";
				LD_RUNPATH_SEARCH_PATHS = (
					"$(inherited)",
					"@executable_path/Frameworks",
					"@executable_path/../../Frameworks",
				);
				MARKETING_VERSION = 1.0;
				PRODUCT_BUNDLE_IDENTIFIER = com.przemyslawbobak.WidgetIntentTest.Widgets;
				PRODUCT_NAME = "$(TARGET_NAME)";
				SKIP_INSTALL = YES;
				SWIFT_EMIT_LOC_STRINGS = YES;
				SWIFT_VERSION = 5.0;
				TARGETED_DEVICE_FAMILY = "1,2";
			};
			name = Debug;
		};
		344505E32C483BFE009CE192 /* Release */ = {
			isa = XCBuildConfiguration;
			buildSettings = {
				ASSETCATALOG_COMPILER_GLOBAL_ACCENT_COLOR_NAME = AccentColor;
				ASSETCATALOG_COMPILER_WIDGET_BACKGROUND_COLOR_NAME = WidgetBackground;
				CODE_SIGN_STYLE = Automatic;
				CURRENT_PROJECT_VERSION = 1;
				DEVELOPMENT_TEAM = AV6RN7H45M;
				GENERATE_INFOPLIST_FILE = YES;
				INFOPLIST_FILE = Widgets/Info.plist;
				INFOPLIST_KEY_CFBundleDisplayName = Widgets;
				INFOPLIST_KEY_NSHumanReadableCopyright = "";
				LD_RUNPATH_SEARCH_PATHS = (
					"$(inherited)",
					"@executable_path/Frameworks",
					"@executable_path/../../Frameworks",
				);
				MARKETING_VERSION = 1.0;
				PRODUCT_BUNDLE_IDENTIFIER = com.przemyslawbobak.WidgetIntentTest.Widgets;
				PRODUCT_NAME = "$(TARGET_NAME)";
				SKIP_INSTALL = YES;
				SWIFT_EMIT_LOC_STRINGS = YES;
				SWIFT_VERSION = 5.0;
				TARGETED_DEVICE_FAMILY = "1,2";
			};
			name = Release;
		};
/* End XCBuildConfiguration section */

/* Begin XCConfigurationList section */
		344505B42C483B75009CE192 /* Build configuration list for PBXProject "WidgetIntentTest" */ = {
			isa = XCConfigurationList;
			buildConfigurations = (
				344505C52C483B76009CE192 /* Debug */,
				344505C62C483B76009CE192 /* Release */,
			);
			defaultConfigurationIsVisible = 0;
			defaultConfigurationName = Release;
		};
		344505C72C483B76009CE192 /* Build configuration list for PBXNativeTarget "WidgetIntentTest" */ = {
			isa = XCConfigurationList;
			buildConfigurations = (
				344505C82C483B76009CE192 /* Debug */,
				344505C92C483B76009CE192 /* Release */,
			);
			defaultConfigurationIsVisible = 0;
			defaultConfigurationName = Release;
		};
		344505E12C483BFE009CE192 /* Build configuration list for PBXNativeTarget "WidgetsExtension" */ = {
			isa = XCConfigurationList;
			buildConfigurations = (
				344505E22C483BFE009CE192 /* Debug */,
				344505E32C483BFE009CE192 /* Release */,
			);
			defaultConfigurationIsVisible = 0;
			defaultConfigurationName = Release;
		};
/* End XCConfigurationList section */
	};
	rootObject = 344505B12C483B75009CE192 /* Project object */;
}
